
Microsoft Visual Studio Solution File, Format Version 12.00
# Visual Studio Version 17
VisualStudioVersion = 17.7.34221.43
MinimumVisualStudioVersion = 10.0.40219.1
Project("{FAE04EC0-301F-11D3-BF4B-00C04F79EFBC}") = "InsightOpticPro_PFD_Final", "InsightOpticPro_PFD_Final\InsightOpticPro_PFD_Final.csproj", "{6B26E88F-4F39-45EF-8027-F00D4CFCF6E5}"
EndProject
Global
	GlobalSection(SolutionConfigurationPlatforms) = preSolution
		Debug|Any CPU = Debug|Any CPU
		Release|Any CPU = Release|Any CPU
	EndGlobalSection
	GlobalSection(ProjectConfigurationPlatforms) = postSolution
		{6B26E88F-4F39-45EF-8027-F00D4CFCF6E5}.Debug|Any CPU.ActiveCfg = Debug|Any CPU
		{6B26E88F-4F39-45EF-8027-F00D4CFCF6E5}.Debug|Any CPU.Build.0 = Debug|Any CPU
		{6B26E88F-4F39-45EF-8027-F00D4CFCF6E5}.Release|Any CPU.ActiveCfg = Release|Any CPU
		{6B26E88F-4F39-45EF-8027-F00D4CFCF6E5}.Release|Any CPU.Build.0 = Release|Any CPU
	EndGlobalSection
	GlobalSection(SolutionProperties) = preSolution
		HideSolutionNode = FALSE
	EndGlobalSection
	GlobalSection(ExtensibilityGlobals) = postSolution
		SolutionGuid = {609196C1-87CB-4EF1-9A26-710319CC3883}
	EndGlobalSection
EndGlobal
